
Microsoft Visual Studio Solution File, Format Version 12.00
# Visual Studio Version 17
VisualStudioVersion = 17.7.34024.191
MinimumVisualStudioVersion = 10.0.40219.1
Project("{9A19103F-16F7-4668-BE54-9A1E7A4F7556}") = "Web", "OnlineStore\Web.csproj", "{6E5FD6A0-7570-4EE5-B4C7-3B711AD9E99B}"
EndProject
Project("{2150E333-8FDC-42A3-9474-1A3956D46DE8}") = "Microservices", "Microservices", "{5359C559-5A04-41CB-8861-04CD6394024D}"
EndProject
Project("{9A19103F-16F7-4668-BE54-9A1E7A4F7556}") = "UserService", "UserService\UserService.csproj", "{21A4F7E7-31F5-49B7-A381-5ED629004190}"
EndProject
Project("{9A19103F-16F7-4668-BE54-9A1E7A4F7556}") = "ProductsService", "ProductService\ProductsService.csproj", "{E81895B7-4BCB-49A9-A2F5-760EF848C25F}"
EndProject
Project("{9A19103F-16F7-4668-BE54-9A1E7A4F7556}") = "PaymentService", "PaymentService\PaymentService.csproj", "{D4ED90B1-3112-42FE-BB76-6393FCBF6378}"
EndProject
Global
	GlobalSection(SolutionConfigurationPlatforms) = preSolution
		Debug|Any CPU = Debug|Any CPU
		Release|Any CPU = Release|Any CPU
	EndGlobalSection
	GlobalSection(ProjectConfigurationPlatforms) = postSolution
		{6E5FD6A0-7570-4EE5-B4C7-3B711AD9E99B}.Debug|Any CPU.ActiveCfg = Debug|Any CPU
		{6E5FD6A0-7570-4EE5-B4C7-3B711AD9E99B}.Debug|Any CPU.Build.0 = Debug|Any CPU
		{6E5FD6A0-7570-4EE5-B4C7-3B711AD9E99B}.Release|Any CPU.ActiveCfg = Release|Any CPU
		{6E5FD6A0-7570-4EE5-B4C7-3B711AD9E99B}.Release|Any CPU.Build.0 = Release|Any CPU
		{21A4F7E7-31F5-49B7-A381-5ED629004190}.Debug|Any CPU.ActiveCfg = Debug|Any CPU
		{21A4F7E7-31F5-49B7-A381-5ED629004190}.Debug|Any CPU.Build.0 = Debug|Any CPU
		{21A4F7E7-31F5-49B7-A381-5ED629004190}.Release|Any CPU.ActiveCfg = Release|Any CPU
		{21A4F7E7-31F5-49B7-A381-5ED629004190}.Release|Any CPU.Build.0 = Release|Any CPU
		{E81895B7-4BCB-49A9-A2F5-760EF848C25F}.Debug|Any CPU.ActiveCfg = Debug|Any CPU
		{E81895B7-4BCB-49A9-A2F5-760EF848C25F}.Debug|Any CPU.Build.0 = Debug|Any CPU
		{E81895B7-4BCB-49A9-A2F5-760EF848C25F}.Release|Any CPU.ActiveCfg = Release|Any CPU
		{E81895B7-4BCB-49A9-A2F5-760EF848C25F}.Release|Any CPU.Build.0 = Release|Any CPU
		{D4ED90B1-3112-42FE-BB76-6393FCBF6378}.Debug|Any CPU.ActiveCfg = Debug|Any CPU
		{D4ED90B1-3112-42FE-BB76-6393FCBF6378}.Debug|Any CPU.Build.0 = Debug|Any CPU
		{D4ED90B1-3112-42FE-BB76-6393FCBF6378}.Release|Any CPU.ActiveCfg = Release|Any CPU
		{D4ED90B1-3112-42FE-BB76-6393FCBF6378}.Release|Any CPU.Build.0 = Release|Any CPU
	EndGlobalSection
	GlobalSection(SolutionProperties) = preSolution
		HideSolutionNode = FALSE
	EndGlobalSection
	GlobalSection(NestedProjects) = preSolution
		{21A4F7E7-31F5-49B7-A381-5ED629004190} = {5359C559-5A04-41CB-8861-04CD6394024D}
		{E81895B7-4BCB-49A9-A2F5-760EF848C25F} = {5359C559-5A04-41CB-8861-04CD6394024D}
		{D4ED90B1-3112-42FE-BB76-6393FCBF6378} = {5359C559-5A04-41CB-8861-04CD6394024D}
	EndGlobalSection
	GlobalSection(ExtensibilityGlobals) = postSolution
		SolutionGuid = {2406EF6C-6FA0-42B9-A862-7D247A8124ED}
	EndGlobalSection
EndGlobal
